
Microsoft Visual Studio Solution File, Format Version 12.00
# Visual Studio Version 16
VisualStudioVersion = 16.0.31229.75
MinimumVisualStudioVersion = 10.0.40219.1
Project("{2150E333-8FDC-42A3-9474-1A3956D46DE8}") = "Services", "Services", "{CD317F69-BAF4-473E-B697-BDE58D8CB28B}"
EndProject
Project("{2150E333-8FDC-42A3-9474-1A3956D46DE8}") = "Catalog", "Catalog", "{997CDE33-415C-47FF-8007-1CD951C6C1A2}"
EndProject
Project("{9A19103F-16F7-4668-BE54-9A1E7A4F7556}") = "Catalog.API", "Services\Catalog\Catalog.API\Catalog.API.csproj", "{101CC26D-B242-4490-A39B-CDED5CFE030B}"
EndProject
Project("{E53339B2-1760-4266-BCC7-CA923CBCF16C}") = "docker-compose", "docker-compose.dcproj", "{BC542C67-2B02-4BB6-BFE0-66FC1B6BDB45}"
EndProject
Project("{2150E333-8FDC-42A3-9474-1A3956D46DE8}") = "Basket", "Basket", "{91FDADA9-0A7F-417A-8E3D-B461E7EE7C0F}"
EndProject
Project("{9A19103F-16F7-4668-BE54-9A1E7A4F7556}") = "Basket.Api", "Services\Basket\Basket.Api\Basket.Api.csproj", "{4BBE4A11-E1A7-4310-909C-3D22D21366CB}"
EndProject
Project("{2150E333-8FDC-42A3-9474-1A3956D46DE8}") = "Discount", "Discount", "{785C1820-D47B-4DDC-A046-1D04D8F1F54F}"
EndProject
Project("{FAE04EC0-301F-11D3-BF4B-00C04F79EFBC}") = "Discount", "Services\Discount\Discount\Discount.csproj", "{584AE12E-EDD4-4AAF-A2B5-351BF7D8AA9A}"
EndProject
Global
	GlobalSection(SolutionConfigurationPlatforms) = preSolution
		Debug|Any CPU = Debug|Any CPU
		Release|Any CPU = Release|Any CPU
	EndGlobalSection
	GlobalSection(ProjectConfigurationPlatforms) = postSolution
		{101CC26D-B242-4490-A39B-CDED5CFE030B}.Debug|Any CPU.ActiveCfg = Debug|Any CPU
		{101CC26D-B242-4490-A39B-CDED5CFE030B}.Debug|Any CPU.Build.0 = Debug|Any CPU
		{101CC26D-B242-4490-A39B-CDED5CFE030B}.Release|Any CPU.ActiveCfg = Release|Any CPU
		{101CC26D-B242-4490-A39B-CDED5CFE030B}.Release|Any CPU.Build.0 = Release|Any CPU
		{BC542C67-2B02-4BB6-BFE0-66FC1B6BDB45}.Debug|Any CPU.ActiveCfg = Debug|Any CPU
		{BC542C67-2B02-4BB6-BFE0-66FC1B6BDB45}.Debug|Any CPU.Build.0 = Debug|Any CPU
		{BC542C67-2B02-4BB6-BFE0-66FC1B6BDB45}.Release|Any CPU.ActiveCfg = Release|Any CPU
		{BC542C67-2B02-4BB6-BFE0-66FC1B6BDB45}.Release|Any CPU.Build.0 = Release|Any CPU
		{4BBE4A11-E1A7-4310-909C-3D22D21366CB}.Debug|Any CPU.ActiveCfg = Debug|Any CPU
		{4BBE4A11-E1A7-4310-909C-3D22D21366CB}.Debug|Any CPU.Build.0 = Debug|Any CPU
		{4BBE4A11-E1A7-4310-909C-3D22D21366CB}.Release|Any CPU.ActiveCfg = Release|Any CPU
		{4BBE4A11-E1A7-4310-909C-3D22D21366CB}.Release|Any CPU.Build.0 = Release|Any CPU
		{584AE12E-EDD4-4AAF-A2B5-351BF7D8AA9A}.Debug|Any CPU.ActiveCfg = Debug|Any CPU
		{584AE12E-EDD4-4AAF-A2B5-351BF7D8AA9A}.Debug|Any CPU.Build.0 = Debug|Any CPU
		{584AE12E-EDD4-4AAF-A2B5-351BF7D8AA9A}.Release|Any CPU.ActiveCfg = Release|Any CPU
		{584AE12E-EDD4-4AAF-A2B5-351BF7D8AA9A}.Release|Any CPU.Build.0 = Release|Any CPU
	EndGlobalSection
	GlobalSection(SolutionProperties) = preSolution
		HideSolutionNode = FALSE
	EndGlobalSection
	GlobalSection(NestedProjects) = preSolution
		{997CDE33-415C-47FF-8007-1CD951C6C1A2} = {CD317F69-BAF4-473E-B697-BDE58D8CB28B}
		{101CC26D-B242-4490-A39B-CDED5CFE030B} = {997CDE33-415C-47FF-8007-1CD951C6C1A2}
		{91FDADA9-0A7F-417A-8E3D-B461E7EE7C0F} = {CD317F69-BAF4-473E-B697-BDE58D8CB28B}
		{4BBE4A11-E1A7-4310-909C-3D22D21366CB} = {91FDADA9-0A7F-417A-8E3D-B461E7EE7C0F}
		{785C1820-D47B-4DDC-A046-1D04D8F1F54F} = {CD317F69-BAF4-473E-B697-BDE58D8CB28B}
		{584AE12E-EDD4-4AAF-A2B5-351BF7D8AA9A} = {785C1820-D47B-4DDC-A046-1D04D8F1F54F}
	EndGlobalSection
	GlobalSection(ExtensibilityGlobals) = postSolution
		SolutionGuid = {7B50AC3B-0667-4950-ABE0-26D9FC1C244C}
	EndGlobalSection
EndGlobal
