
Microsoft Visual Studio Solution File, Format Version 12.00
# Visual Studio Version 16
VisualStudioVersion = 16.0.31229.75
MinimumVisualStudioVersion = 10.0.40219.1
Project("{2150E333-8FDC-42A3-9474-1A3956D46DE8}") = "Services", "Services", "{CD317F69-BAF4-473E-B697-BDE58D8CB28B}"
EndProject
Project("{2150E333-8FDC-42A3-9474-1A3956D46DE8}") = "Catalog", "Catalog", "{997CDE33-415C-47FF-8007-1CD951C6C1A2}"
EndProject
Project("{FAE04EC0-301F-11D3-BF4B-00C04F79EFBC}") = "Catalog.API", "Services\Catalog\Catalog.API\Catalog.API.csproj", "{101CC26D-B242-4490-A39B-CDED5CFE030B}"
EndProject
Global
	GlobalSection(SolutionConfigurationPlatforms) = preSolution
		Debug|Any CPU = Debug|Any CPU
		Release|Any CPU = Release|Any CPU
	EndGlobalSection
	GlobalSection(ProjectConfigurationPlatforms) = postSolution
		{101CC26D-B242-4490-A39B-CDED5CFE030B}.Debug|Any CPU.ActiveCfg = Debug|Any CPU
		{101CC26D-B242-4490-A39B-CDED5CFE030B}.Debug|Any CPU.Build.0 = Debug|Any CPU
		{101CC26D-B242-4490-A39B-CDED5CFE030B}.Release|Any CPU.ActiveCfg = Release|Any CPU
		{101CC26D-B242-4490-A39B-CDED5CFE030B}.Release|Any CPU.Build.0 = Release|Any CPU
	EndGlobalSection
	GlobalSection(SolutionProperties) = preSolution
		HideSolutionNode = FALSE
	EndGlobalSection
	GlobalSection(NestedProjects) = preSolution
		{997CDE33-415C-47FF-8007-1CD951C6C1A2} = {CD317F69-BAF4-473E-B697-BDE58D8CB28B}
		{101CC26D-B242-4490-A39B-CDED5CFE030B} = {997CDE33-415C-47FF-8007-1CD951C6C1A2}
	EndGlobalSection
	GlobalSection(ExtensibilityGlobals) = postSolution
		SolutionGuid = {7B50AC3B-0667-4950-ABE0-26D9FC1C244C}
	EndGlobalSection
EndGlobal
